{
  "name": "lcn-cli",
  "version": "0.0.1",
  "lockfileVersion": 2,
  "requires": true,
  "packages": {
    "": {
      "name": "lcn-cli",
      "version": "0.0.1",
      "license": "ISC",
      "dependencies": {
        "@antfu/ni": "^0.17.2"
      },
      "bin": {
        "b": "lib/build.js",
        "i": "lib/install.js",
        "s": "lib/start.js",
        "t": "lib/test.js"
      },
      "devDependencies": {
        "@types/node": "^17.0.45"
      }
    },
    "node_modules/@antfu/ni": {
      "version": "0.17.2",
      "resolved": "https://registry.npmjs.org/@antfu/ni/-/ni-0.17.2.tgz",
      "integrity": "sha512-uYsmcsQzylpMiRB4gJRwcEJMIrKyeHZO0CJct8MmqkT3B7HTFU6oSZhDB50E/XvQw7FW8oT/tKsq3NFplRgG2Q==",
      "bin": {
        "na": "bin/na.mjs",
        "nci": "bin/nci.mjs",
        "ni": "bin/ni.mjs",
        "nr": "bin/nr.mjs",
        "nu": "bin/nu.mjs",
        "nun": "bin/nun.mjs",
        "nx": "bin/nx.mjs"
      }
    },
    "node_modules/@types/node": {
      "version": "17.0.45",
      "resolved": "https://registry.npmjs.org/@types/node/-/node-17.0.45.tgz",
      "integrity": "sha512-w+tIMs3rq2afQdsPJlODhoUEKzFP1ayaoyl1CcnwtIlsVe7K7bA1NGm4s3PraqTLlXnbIN84zuBlxBWo1u9BLw==",
      "dev": true
    }
  },
  "dependencies": {
    "@antfu/ni": {
      "version": "0.17.2",
      "resolved": "https://registry.npmjs.org/@antfu/ni/-/ni-0.17.2.tgz",
      "integrity": "sha512-uYsmcsQzylpMiRB4gJRwcEJMIrKyeHZO0CJct8MmqkT3B7HTFU6oSZhDB50E/XvQw7FW8oT/tKsq3NFplRgG2Q=="
    },
    "@types/node": {
      "version": "17.0.45",
      "resolved": "https://registry.npmjs.org/@types/node/-/node-17.0.45.tgz",
      "integrity": "sha512-w+tIMs3rq2afQdsPJlODhoUEKzFP1ayaoyl1CcnwtIlsVe7K7bA1NGm4s3PraqTLlXnbIN84zuBlxBWo1u9BLw==",
      "dev": true
    }
  }
}
